{
  "name": "passport-gigya-oauth2",
  "version": "1.0.0",
  "lockfileVersion": 1,
  "requires": true,
  "dependencies": {
    "node-oauth": {
      "version": "0.1.3",
      "resolved": "https://registry.npmjs.org/node-oauth/-/node-oauth-0.1.3.tgz",
      "integrity": "sha1-gWj7z9x9Ivldt7d96/wpqDJCC44="
    }
  }
}
